
Microsoft Visual Studio Solution File, Format Version 12.00
# Visual Studio Version 17
VisualStudioVersion = 17.2.32630.192
MinimumVisualStudioVersion = 10.0.40219.1
Project("{FAE04EC0-301F-11D3-BF4B-00C04F79EFBC}") = "InputOutput", "InputOutput.csproj", "{1A33D10D-AC57-41DD-A851-9D31D12A902D}"
EndProject
Global
	GlobalSection(SolutionConfigurationPlatforms) = preSolution
		Debug|Any CPU = Debug|Any CPU
		Release|Any CPU = Release|Any CPU
	EndGlobalSection
	GlobalSection(ProjectConfigurationPlatforms) = postSolution
		{1A33D10D-AC57-41DD-A851-9D31D12A902D}.Debug|Any CPU.ActiveCfg = Debug|Any CPU
		{1A33D10D-AC57-41DD-A851-9D31D12A902D}.Debug|Any CPU.Build.0 = Debug|Any CPU
		{1A33D10D-AC57-41DD-A851-9D31D12A902D}.Release|Any CPU.ActiveCfg = Release|Any CPU
		{1A33D10D-AC57-41DD-A851-9D31D12A902D}.Release|Any CPU.Build.0 = Release|Any CPU
	EndGlobalSection
	GlobalSection(SolutionProperties) = preSolution
		HideSolutionNode = FALSE
	EndGlobalSection
	GlobalSection(ExtensibilityGlobals) = postSolution
		SolutionGuid = {E0937DE7-2457-4308-AEAC-522F6EBF9EDA}
	EndGlobalSection
EndGlobal
